// !$*UTF8*$!
{
	archiveVersion = 1;
	classes = {
	};
	objectVersion = 46;
	objects = {

/* Begin PBXBuildFile section */
		7E76AB2C1CE0FBFF006D95DE /* AppDelegate.swift in Sources */ = {isa = PBXBuildFile; fileRef = 7E76AB2B1CE0FBFF006D95DE /* AppDelegate.swift */; };
		7E76AB2E1CE0FBFF006D95DE /* ViewController.swift in Sources */ = {isa = PBXBuildFile; fileRef = 7E76AB2D1CE0FBFF006D95DE /* ViewController.swift */; };
		7E76AB311CE0FBFF006D95DE /* Main.storyboard in Resources */ = {isa = PBXBuildFile; fileRef = 7E76AB2F1CE0FBFF006D95DE /* Main.storyboard */; };
		7E76AB331CE0FBFF006D95DE /* Assets.xcassets in Resources */ = {isa = PBXBuildFile; fileRef = 7E76AB321CE0FBFF006D95DE /* Assets.xcassets */; };
		7E76AB361CE0FBFF006D95DE /* LaunchScreen.storyboard in Resources */ = {isa = PBXBuildFile; fileRef = 7E76AB341CE0FBFF006D95DE /* LaunchScreen.storyboard */; };
		7E76AB3E1CE10A6D006D95DE /* mountains.jpeg in Resources */ = {isa = PBXBuildFile; fileRef = 7E76AB3D1CE10A6D006D95DE /* mountains.jpeg */; };
/* End PBXBuildFile section */

/* Begin PBXFileReference section */
		7E76AB281CE0FBFF006D95DE /* Zürich.app */ = {isa = PBXFileReference; explicitFileType = wrapper.application; includeInIndex = 0; path = "Zürich.app"; sourceTree = BUILT_PRODUCTS_DIR; };
		7E76AB2B1CE0FBFF006D95DE /* AppDelegate.swift */ = {isa = PBXFileReference; lastKnownFileType = sourcecode.swift; path = AppDelegate.swift; sourceTree = "<group>"; };
		7E76AB2D1CE0FBFF006D95DE /* ViewController.swift */ = {isa = PBXFileReference; lastKnownFileType = sourcecode.swift; path = ViewController.swift; sourceTree = "<group>"; };
		7E76AB301CE0FBFF006D95DE /* Base */ = {isa = PBXFileReference; lastKnownFileType = file.storyboard; name = Base; path = Base.lproj/Main.storyboard; sourceTree = "<group>"; };
		7E76AB321CE0FBFF006D95DE /* Assets.xcassets */ = {isa = PBXFileReference; lastKnownFileType = folder.assetcatalog; path = Assets.xcassets; sourceTree = "<group>"; };
		7E76AB351CE0FBFF006D95DE /* Base */ = {isa = PBXFileReference; lastKnownFileType = file.storyboard; name = Base; path = Base.lproj/LaunchScreen.storyboard; sourceTree = "<group>"; };
		7E76AB371CE0FBFF006D95DE /* Info.plist */ = {isa = PBXFileReference; lastKnownFileType = text.plist.xml; path = Info.plist; sourceTree = "<group>"; };
		7E76AB3D1CE10A6D006D95DE /* mountains.jpeg */ = {isa = PBXFileReference; lastKnownFileType = image.jpeg; path = mountains.jpeg; sourceTree = "<group>"; };
/* End PBXFileReference section */

/* Begin PBXFrameworksBuildPhase section */
		7E76AB251CE0FBFF006D95DE /* Frameworks */ = {
			isa = PBXFrameworksBuildPhase;
			buildActionMask = 2147483647;
			files = (
			);
			runOnlyForDeploymentPostprocessing = 0;
		};
/* End PBXFrameworksBuildPhase section */

/* Begin PBXGroup section */
		7E76AB1F1CE0FBFF006D95DE = {
			isa = PBXGroup;
			children = (
				7E76AB2A1CE0FBFF006D95DE /* Zurich */,
				7E76AB291CE0FBFF006D95DE /* Products */,
			);
			sourceTree = "<group>";
		};
		7E76AB291CE0FBFF006D95DE /* Products */ = {
			isa = PBXGroup;
			children = (
				7E76AB281CE0FBFF006D95DE /* Zürich.app */,
			);
			name = Products;
			sourceTree = "<group>";
		};
		7E76AB2A1CE0FBFF006D95DE /* Zurich */ = {
			isa = PBXGroup;
			children = (
				7E76AB3D1CE10A6D006D95DE /* mountains.jpeg */,
				7E76AB2B1CE0FBFF006D95DE /* AppDelegate.swift */,
				7E76AB2D1CE0FBFF006D95DE /* ViewController.swift */,
				7E76AB2F1CE0FBFF006D95DE /* Main.storyboard */,
				7E76AB321CE0FBFF006D95DE /* Assets.xcassets */,
				7E76AB341CE0FBFF006D95DE /* LaunchScreen.storyboard */,
				7E76AB371CE0FBFF006D95DE /* Info.plist */,
			);
			path = Zurich;
			sourceTree = "<group>";
		};
/* End PBXGroup section */

/* Begin PBXNativeTarget section */
		7E76AB271CE0FBFF006D95DE /* Zurich */ = {
			isa = PBXNativeTarget;
			buildConfigurationList = 7E76AB3A1CE0FBFF006D95DE /* Build configuration list for PBXNativeTarget "Zurich" */;
			buildPhases = (
				7E76AB241CE0FBFF006D95DE /* Sources */,
				7E76AB251CE0FBFF006D95DE /* Frameworks */,
				7E76AB261CE0FBFF006D95DE /* Resources */,
			);
			buildRules = (
			);
			dependencies = (
			);
			name = Zurich;
			productName = Zurich;
			productReference = 7E76AB281CE0FBFF006D95DE /* Zürich.app */;
			productType = "com.apple.product-type.application";
		};
/* End PBXNativeTarget section */

/* Begin PBXProject section */
		7E76AB201CE0FBFF006D95DE /* Project object */ = {
			isa = PBXProject;
			attributes = {
				LastSwiftUpdateCheck = 0730;
				LastUpgradeCheck = 0730;
				ORGANIZATIONNAME = "Freedom Apps";
				TargetAttributes = {
					7E76AB271CE0FBFF006D95DE = {
						CreatedOnToolsVersion = 7.3.1;
					};
				};
			};
			buildConfigurationList = 7E76AB231CE0FBFF006D95DE /* Build configuration list for PBXProject "Zurich" */;
			compatibilityVersion = "Xcode 3.2";
			developmentRegion = English;
			hasScannedForEncodings = 0;
			knownRegions = (
				en,
				Base,
			);
			mainGroup = 7E76AB1F1CE0FBFF006D95DE;
			productRefGroup = 7E76AB291CE0FBFF006D95DE /* Products */;
			projectDirPath = "";
			projectRoot = "";
			targets = (
				7E76AB271CE0FBFF006D95DE /* Zurich */,
			);
		};
/* End PBXProject section */

/* Begin PBXResourcesBuildPhase section */
		7E76AB261CE0FBFF006D95DE /* Resources */ = {
			isa = PBXResourcesBuildPhase;
			buildActionMask = 2147483647;
			files = (
				7E76AB3E1CE10A6D006D95DE /* mountains.jpeg in Resources */,
				7E76AB361CE0FBFF006D95DE /* LaunchScreen.storyboard in Resources */,
				7E76AB331CE0FBFF006D95DE /* Assets.xcassets in Resources */,
				7E76AB311CE0FBFF006D95DE /* Main.storyboard in Resources */,
			);
			runOnlyForDeploymentPostprocessing = 0;
		};
/* End PBXResourcesBuildPhase section */

/* Begin PBXSourcesBuildPhase section */
		7E76AB241CE0FBFF006D95DE /* Sources */ = {
			isa = PBXSourcesBuildPhase;
			buildActionMask = 2147483647;
			files = (
				7E76AB2E1CE0FBFF006D95DE /* ViewController.swift in Sources */,
				7E76AB2C1CE0FBFF006D95DE /* AppDelegate.swift in Sources */,
			);
			runOnlyForDeploymentPostprocessing = 0;
		};
/* End PBXSourcesBuildPhase section */

/* Begin PBXVariantGroup section */
		7E76AB2F1CE0FBFF006D95DE /* Main.storyboard */ = {
			isa = PBXVariantGroup;
			children = (
				7E76AB301CE0FBFF006D95DE /* Base */,
			);
			name = Main.storyboard;
			sourceTree = "<group>";
		};
		7E76AB341CE0FBFF006D95DE /* LaunchScreen.storyboard */ = {
			isa = PBXVariantGroup;
			children = (
				7E76AB351CE0FBFF006D95DE /* Base */,
			);
			name = LaunchScreen.storyboard;
			sourceTree = "<group>";
		};
/* End PBXVariantGroup section */

/* Begin XCBuildConfiguration section */
		7E76AB381CE0FBFF006D95DE /* Debug */ = {
			isa = XCBuildConfiguration;
			buildSettings = {
				ALWAYS_SEARCH_USER_PATHS = NO;
				CLANG_ANALYZER_NONNULL = YES;
				CLANG_CXX_LANGUAGE_STANDARD = "gnu++0x";
				CLANG_CXX_LIBRARY = "libc++";
				CLANG_ENABLE_MODULES = YES;
				CLANG_ENABLE_OBJC_ARC = YES;
				CLANG_WARN_BOOL_CONVERSION = YES;
				CLANG_WARN_CONSTANT_CONVERSION = YES;
				CLANG_WARN_DIRECT_OBJC_ISA_USAGE = YES_ERROR;
				CLANG_WARN_EMPTY_BODY = YES;
				CLANG_WARN_ENUM_CONVERSION = YES;
				CLANG_WARN_INT_CONVERSION = YES;
				CLANG_WARN_OBJC_ROOT_CLASS = YES_ERROR;
				CLANG_WARN_UNREACHABLE_CODE = YES;
				CLANG_WARN__DUPLICATE_METHOD_MATCH = YES;
				"CODE_SIGN_IDENTITY[sdk=iphoneos*]" = "iPhone Developer";
				COPY_PHASE_STRIP = NO;
				DEBUG_INFORMATION_FORMAT = dwarf;
				ENABLE_STRICT_OBJC_MSGSEND = YES;
				ENABLE_TESTABILITY = YES;
				GCC_C_LANGUAGE_STANDARD = gnu99;
				GCC_DYNAMIC_NO_PIC = NO;
				GCC_NO_COMMON_BLOCKS = YES;
				GCC_OPTIMIZATION_LEVEL = 0;
				GCC_PREPROCESSOR_DEFINITIONS = (
					"DEBUG=1",
					"$(inherited)",
				);
				GCC_WARN_64_TO_32_BIT_CONVERSION = YES;
				GCC_WARN_ABOUT_RETURN_TYPE = YES_ERROR;
				GCC_WARN_UNDECLARED_SELECTOR = YES;
				GCC_WARN_UNINITIALIZED_AUTOS = YES_AGGRESSIVE;
				GCC_WARN_UNUSED_FUNCTION = YES;
				GCC_WARN_UNUSED_VARIABLE = YES;
				IPHONEOS_DEPLOYMENT_TARGET = 9.3;
				MTL_ENABLE_DEBUG_INFO = YES;
				ONLY_ACTIVE_ARCH = YES;
				SDKROOT = iphoneos;
				SWIFT_OPTIMIZATION_LEVEL = "-Onone";
			};
			name = Debug;
		};
		7E76AB391CE0FBFF006D95DE /* Release */ = {
			isa = XCBuildConfiguration;
			buildSettings = {
				ALWAYS_SEARCH_USER_PATHS = NO;
				CLANG_ANALYZER_NONNULL = YES;
				CLANG_CXX_LANGUAGE_STANDARD = "gnu++0x";
				CLANG_CXX_LIBRARY = "libc++";
				CLANG_ENABLE_MODULES = YES;
				CLANG_ENABLE_OBJC_ARC = YES;
				CLANG_WARN_BOOL_CONVERSION = YES;
				CLANG_WARN_CONSTANT_CONVERSION = YES;
				CLANG_WARN_DIRECT_OBJC_ISA_USAGE = YES_ERROR;
				CLANG_WARN_EMPTY_BODY = YES;
				CLANG_WARN_ENUM_CONVERSION = YES;
				CLANG_WARN_INT_CONVERSION = YES;
				CLANG_WARN_OBJC_ROOT_CLASS = YES_ERROR;
				CLANG_WARN_UNREACHABLE_CODE = YES;
				CLANG_WARN__DUPLICATE_METHOD_MATCH = YES;
				"CODE_SIGN_IDENTITY[sdk=iphoneos*]" = "iPhone Developer";
				COPY_PHASE_STRIP = NO;
				DEBUG_INFORMATION_FORMAT = "dwarf-with-dsym";
				ENABLE_NS_ASSERTIONS = NO;
				ENABLE_STRICT_OBJC_MSGSEND = YES;
				GCC_C_LANGUAGE_STANDARD = gnu99;
				GCC_NO_COMMON_BLOCKS = YES;
				GCC_WARN_64_TO_32_BIT_CONVERSION = YES;
				GCC_WARN_ABOUT_RETURN_TYPE = YES_ERROR;
				GCC_WARN_UNDECLARED_SELECTOR = YES;
				GCC_WARN_UNINITIALIZED_AUTOS = YES_AGGRESSIVE;
				GCC_WARN_UNUSED_FUNCTION = YES;
				GCC_WARN_UNUSED_VARIABLE = YES;
				IPHONEOS_DEPLOYMENT_TARGET = 9.3;
				MTL_ENABLE_DEBUG_INFO = NO;
				SDKROOT = iphoneos;
				VALIDATE_PRODUCT = YES;
			};
			name = Release;
		};
		7E76AB3B1CE0FBFF006D95DE /* Debug */ = {
			isa = XCBuildConfiguration;
			buildSettings = {
				ASSETCATALOG_COMPILER_APPICON_NAME = AppIcon;
				INFOPLIST_FILE = Zurich/Info.plist;
				IPHONEOS_DEPLOYMENT_TARGET = 8.0;
				LD_RUNPATH_SEARCH_PATHS = "$(inherited) @executable_path/Frameworks";
				PRODUCT_BUNDLE_IDENTIFIER = sh.heather.mountains;
				PRODUCT_NAME = "Zürich";
			};
			name = Debug;
		};
		7E76AB3C1CE0FBFF006D95DE /* Release */ = {
			isa = XCBuildConfiguration;
			buildSettings = {
				ASSETCATALOG_COMPILER_APPICON_NAME = AppIcon;
				INFOPLIST_FILE = Zurich/Info.plist;
				IPHONEOS_DEPLOYMENT_TARGET = 8.0;
				LD_RUNPATH_SEARCH_PATHS = "$(inherited) @executable_path/Frameworks";
				PRODUCT_BUNDLE_IDENTIFIER = sh.heather.mountains;
				PRODUCT_NAME = "Zürich";
			};
			name = Release;
		};
/* End XCBuildConfiguration section */

/* Begin XCConfigurationList section */
		7E76AB231CE0FBFF006D95DE /* Build configuration list for PBXProject "Zurich" */ = {
			isa = XCConfigurationList;
			buildConfigurations = (
				7E76AB381CE0FBFF006D95DE /* Debug */,
				7E76AB391CE0FBFF006D95DE /* Release */,
			);
			defaultConfigurationIsVisible = 0;
			defaultConfigurationName = Release;
		};
		7E76AB3A1CE0FBFF006D95DE /* Build configuration list for PBXNativeTarget "Zurich" */ = {
			isa = XCConfigurationList;
			buildConfigurations = (
				7E76AB3B1CE0FBFF006D95DE /* Debug */,
				7E76AB3C1CE0FBFF006D95DE /* Release */,
			);
			defaultConfigurationIsVisible = 0;
			defaultConfigurationName = Release;
		};
/* End XCConfigurationList section */
	};
	rootObject = 7E76AB201CE0FBFF006D95DE /* Project object */;
}
